
Microsoft Visual Studio Solution File, Format Version 12.00
# Visual Studio Version 17
VisualStudioVersion = 17.11.35303.130
MinimumVisualStudioVersion = 10.0.40219.1
Project("{FAE04EC0-301F-11D3-BF4B-00C04F79EFBC}") = "WindowsFormsApp1", "WindowsFormsApp1\WindowsFormsApp1.csproj", "{ADA99B2F-8CF7-464B-93D7-0674808CDC2A}"
EndProject
Global
	GlobalSection(SolutionConfigurationPlatforms) = preSolution
		Debug|Any CPU = Debug|Any CPU
		Release|Any CPU = Release|Any CPU
	EndGlobalSection
	GlobalSection(ProjectConfigurationPlatforms) = postSolution
		{ADA99B2F-8CF7-464B-93D7-0674808CDC2A}.Debug|Any CPU.ActiveCfg = Debug|Any CPU
		{ADA99B2F-8CF7-464B-93D7-0674808CDC2A}.Debug|Any CPU.Build.0 = Debug|Any CPU
		{ADA99B2F-8CF7-464B-93D7-0674808CDC2A}.Release|Any CPU.ActiveCfg = Release|Any CPU
		{ADA99B2F-8CF7-464B-93D7-0674808CDC2A}.Release|Any CPU.Build.0 = Release|Any CPU
	EndGlobalSection
	GlobalSection(SolutionProperties) = preSolution
		HideSolutionNode = FALSE
	EndGlobalSection
	GlobalSection(ExtensibilityGlobals) = postSolution
		SolutionGuid = {6B45B1CF-6829-46CD-A2F1-7CD08A5C3882}
	EndGlobalSection
EndGlobal
