
Microsoft Visual Studio Solution File, Format Version 12.00
# Visual Studio Version 17
VisualStudioVersion = 17.11.35222.181
MinimumVisualStudioVersion = 10.0.40219.1
Project("{9A19103F-16F7-4668-BE54-9A1E7A4F7556}") = "Calculator", "Calculator\Calculator.csproj", "{1E1A8E04-B785-46F1-8C2C-00E449DCE372}"
EndProject
Project("{FAE04EC0-301F-11D3-BF4B-00C04F79EFBC}") = "Image_displayer", "Image_displayer\Image_displayer.csproj", "{147FFC41-1B55-4BEE-9D4F-E85CE5EA2FE8}"
EndProject
Global
	GlobalSection(SolutionConfigurationPlatforms) = preSolution
		Debug|Any CPU = Debug|Any CPU
		Release|Any CPU = Release|Any CPU
	EndGlobalSection
	GlobalSection(ProjectConfigurationPlatforms) = postSolution
		{1E1A8E04-B785-46F1-8C2C-00E449DCE372}.Debug|Any CPU.ActiveCfg = Debug|Any CPU
		{1E1A8E04-B785-46F1-8C2C-00E449DCE372}.Debug|Any CPU.Build.0 = Debug|Any CPU
		{1E1A8E04-B785-46F1-8C2C-00E449DCE372}.Release|Any CPU.ActiveCfg = Release|Any CPU
		{1E1A8E04-B785-46F1-8C2C-00E449DCE372}.Release|Any CPU.Build.0 = Release|Any CPU
		{147FFC41-1B55-4BEE-9D4F-E85CE5EA2FE8}.Debug|Any CPU.ActiveCfg = Debug|Any CPU
		{147FFC41-1B55-4BEE-9D4F-E85CE5EA2FE8}.Debug|Any CPU.Build.0 = Debug|Any CPU
		{147FFC41-1B55-4BEE-9D4F-E85CE5EA2FE8}.Release|Any CPU.ActiveCfg = Release|Any CPU
		{147FFC41-1B55-4BEE-9D4F-E85CE5EA2FE8}.Release|Any CPU.Build.0 = Release|Any CPU
	EndGlobalSection
	GlobalSection(SolutionProperties) = preSolution
		HideSolutionNode = FALSE
	EndGlobalSection
	GlobalSection(ExtensibilityGlobals) = postSolution
		SolutionGuid = {E570BA42-99B1-4DE5-988A-78F5AE98C226}
	EndGlobalSection
EndGlobal
